{
  "requires": true,
  "lockfileVersion": 1,
  "dependencies": {
    "angular2-image-upload": {
      "version": "1.0.0-rc.1",
      "resolved": "https://registry.npmjs.org/angular2-image-upload/-/angular2-image-upload-1.0.0-rc.1.tgz",
      "integrity": "sha512-OdXxB8agH+AXghCvBzlSp4/kkfpUNwSZm2wpqKsGN3wls0MlMEVNzW4kiYFjcdQTIgy236I1IiEgeMZTVVw2rQ=="
    }
  }
}
